
Microsoft Visual Studio Solution File, Format Version 12.00
# Visual Studio 15
VisualStudioVersion = 15.0.28307.1401
MinimumVisualStudioVersion = 10.0.40219.1
Project("{8BC9CEB8-8B4A-11D0-8D11-00A0C91BC942}") = "auto_ptr02", "auto_ptr02\auto_ptr02.vcxproj", "{B2DD1839-92EC-4E5E-98AE-0369E632D495}"
EndProject
Global
	GlobalSection(SolutionConfigurationPlatforms) = preSolution
		Debug|x64 = Debug|x64
		Debug|x86 = Debug|x86
		Release|x64 = Release|x64
		Release|x86 = Release|x86
	EndGlobalSection
	GlobalSection(ProjectConfigurationPlatforms) = postSolution
		{B2DD1839-92EC-4E5E-98AE-0369E632D495}.Debug|x64.ActiveCfg = Debug|x64
		{B2DD1839-92EC-4E5E-98AE-0369E632D495}.Debug|x64.Build.0 = Debug|x64
		{B2DD1839-92EC-4E5E-98AE-0369E632D495}.Debug|x86.ActiveCfg = Debug|Win32
		{B2DD1839-92EC-4E5E-98AE-0369E632D495}.Debug|x86.Build.0 = Debug|Win32
		{B2DD1839-92EC-4E5E-98AE-0369E632D495}.Release|x64.ActiveCfg = Release|x64
		{B2DD1839-92EC-4E5E-98AE-0369E632D495}.Release|x64.Build.0 = Release|x64
		{B2DD1839-92EC-4E5E-98AE-0369E632D495}.Release|x86.ActiveCfg = Release|Win32
		{B2DD1839-92EC-4E5E-98AE-0369E632D495}.Release|x86.Build.0 = Release|Win32
	EndGlobalSection
	GlobalSection(SolutionProperties) = preSolution
		HideSolutionNode = FALSE
	EndGlobalSection
	GlobalSection(ExtensibilityGlobals) = postSolution
		SolutionGuid = {A3B0CE70-866B-4D5E-B388-997844BAE3C2}
	EndGlobalSection
EndGlobal
