
Microsoft Visual Studio Solution File, Format Version 12.00
# Visual Studio 15
VisualStudioVersion = 15.0.28307.1401
MinimumVisualStudioVersion = 10.0.40219.1
Project("{8BC9CEB8-8B4A-11D0-8D11-00A0C91BC942}") = "try_emplace04", "try_emplace04\try_emplace04.vcxproj", "{248E7D92-E5C4-4D59-9F46-06FDC66FDC6A}"
EndProject
Global
	GlobalSection(SolutionConfigurationPlatforms) = preSolution
		Debug|x64 = Debug|x64
		Debug|x86 = Debug|x86
		Release|x64 = Release|x64
		Release|x86 = Release|x86
	EndGlobalSection
	GlobalSection(ProjectConfigurationPlatforms) = postSolution
		{248E7D92-E5C4-4D59-9F46-06FDC66FDC6A}.Debug|x64.ActiveCfg = Debug|x64
		{248E7D92-E5C4-4D59-9F46-06FDC66FDC6A}.Debug|x64.Build.0 = Debug|x64
		{248E7D92-E5C4-4D59-9F46-06FDC66FDC6A}.Debug|x86.ActiveCfg = Debug|Win32
		{248E7D92-E5C4-4D59-9F46-06FDC66FDC6A}.Debug|x86.Build.0 = Debug|Win32
		{248E7D92-E5C4-4D59-9F46-06FDC66FDC6A}.Release|x64.ActiveCfg = Release|x64
		{248E7D92-E5C4-4D59-9F46-06FDC66FDC6A}.Release|x64.Build.0 = Release|x64
		{248E7D92-E5C4-4D59-9F46-06FDC66FDC6A}.Release|x86.ActiveCfg = Release|Win32
		{248E7D92-E5C4-4D59-9F46-06FDC66FDC6A}.Release|x86.Build.0 = Release|Win32
	EndGlobalSection
	GlobalSection(SolutionProperties) = preSolution
		HideSolutionNode = FALSE
	EndGlobalSection
	GlobalSection(ExtensibilityGlobals) = postSolution
		SolutionGuid = {5BE5C8FF-6522-41EF-8392-37EFFC7F9C4F}
	EndGlobalSection
EndGlobal
