
Microsoft Visual Studio Solution File, Format Version 12.00
# Visual Studio 15
VisualStudioVersion = 15.0.28307.1401
MinimumVisualStudioVersion = 10.0.40219.1
Project("{8BC9CEB8-8B4A-11D0-8D11-00A0C91BC942}") = "weak_ptr02", "weak_ptr02\weak_ptr02.vcxproj", "{472E18A7-6438-49B0-947D-7AB0EB3AF377}"
EndProject
Global
	GlobalSection(SolutionConfigurationPlatforms) = preSolution
		Debug|x64 = Debug|x64
		Debug|x86 = Debug|x86
		Release|x64 = Release|x64
		Release|x86 = Release|x86
	EndGlobalSection
	GlobalSection(ProjectConfigurationPlatforms) = postSolution
		{472E18A7-6438-49B0-947D-7AB0EB3AF377}.Debug|x64.ActiveCfg = Debug|x64
		{472E18A7-6438-49B0-947D-7AB0EB3AF377}.Debug|x64.Build.0 = Debug|x64
		{472E18A7-6438-49B0-947D-7AB0EB3AF377}.Debug|x86.ActiveCfg = Debug|Win32
		{472E18A7-6438-49B0-947D-7AB0EB3AF377}.Debug|x86.Build.0 = Debug|Win32
		{472E18A7-6438-49B0-947D-7AB0EB3AF377}.Release|x64.ActiveCfg = Release|x64
		{472E18A7-6438-49B0-947D-7AB0EB3AF377}.Release|x64.Build.0 = Release|x64
		{472E18A7-6438-49B0-947D-7AB0EB3AF377}.Release|x86.ActiveCfg = Release|Win32
		{472E18A7-6438-49B0-947D-7AB0EB3AF377}.Release|x86.Build.0 = Release|Win32
	EndGlobalSection
	GlobalSection(SolutionProperties) = preSolution
		HideSolutionNode = FALSE
	EndGlobalSection
	GlobalSection(ExtensibilityGlobals) = postSolution
		SolutionGuid = {CD29919E-5FB0-4707-AF2A-F85B729365DB}
	EndGlobalSection
EndGlobal
